
Microsoft Visual Studio Solution File, Format Version 12.00
# Visual Studio Version 17
VisualStudioVersion = 17.3.32901.215
MinimumVisualStudioVersion = 10.0.40219.1
Project("{FAE04EC0-301F-11D3-BF4B-00C04F79EFBC}") = "clock_kk", "clock_kk\clock_kk.csproj", "{059A3C59-09F5-4AD6-B93D-595F787AB6E7}"
EndProject
Global
	GlobalSection(SolutionConfigurationPlatforms) = preSolution
		Debug|Any CPU = Debug|Any CPU
		Release|Any CPU = Release|Any CPU
	EndGlobalSection
	GlobalSection(ProjectConfigurationPlatforms) = postSolution
		{059A3C59-09F5-4AD6-B93D-595F787AB6E7}.Debug|Any CPU.ActiveCfg = Debug|Any CPU
		{059A3C59-09F5-4AD6-B93D-595F787AB6E7}.Debug|Any CPU.Build.0 = Debug|Any CPU
		{059A3C59-09F5-4AD6-B93D-595F787AB6E7}.Release|Any CPU.ActiveCfg = Release|Any CPU
		{059A3C59-09F5-4AD6-B93D-595F787AB6E7}.Release|Any CPU.Build.0 = Release|Any CPU
	EndGlobalSection
	GlobalSection(SolutionProperties) = preSolution
		HideSolutionNode = FALSE
	EndGlobalSection
	GlobalSection(ExtensibilityGlobals) = postSolution
		SolutionGuid = {E3697256-DB2D-4B2D-A261-AC2C2E1B8ACD}
	EndGlobalSection
EndGlobal
